
Microsoft Visual Studio Solution File, Format Version 12.00
# Visual Studio Version 17
VisualStudioVersion = 17.1.32421.90
MinimumVisualStudioVersion = 10.0.40219.1
Project("{9A19103F-16F7-4668-BE54-9A1E7A4F7556}") = "WpfApp1", "WpfApp1\WpfApp1.csproj", "{5D34747F-4FC6-4E85-8A66-40EC0B7AEAE1}"
EndProject
Project("{2150E333-8FDC-42A3-9474-1A3956D46DE8}") = "Solution Items", "Solution Items", "{4898E34C-64D3-4F40-A788-43C772F88845}"
EndProject
Project("{9A19103F-16F7-4668-BE54-9A1E7A4F7556}") = "TextBlockDemo", "TextBlock\TextBlockDemo.csproj", "{EC383B16-1E09-459D-ACD7-D3963C405722}"
EndProject
Project("{9A19103F-16F7-4668-BE54-9A1E7A4F7556}") = "LabelDemo", "LabelDemo\LabelDemo.csproj", "{FA038F2C-768B-4BB6-99A4-AA852AE9B12E}"
EndProject
Project("{9A19103F-16F7-4668-BE54-9A1E7A4F7556}") = "TextBoxDemo", "TextBoxDemo\TextBoxDemo.csproj", "{EAF48B29-5E3D-4F03-9335-61FE79F93B27}"
EndProject
Project("{9A19103F-16F7-4668-BE54-9A1E7A4F7556}") = "ButtonDemo", "ButtonDemo\ButtonDemo.csproj", "{7B18E0FD-FE7F-4BDC-9601-F9173F634DE9}"
EndProject
Project("{9A19103F-16F7-4668-BE54-9A1E7A4F7556}") = "RadioButtonDemo", "RadioButtonDemo\RadioButtonDemo.csproj", "{63C7752C-D546-473B-ADE4-BC06D5754F8D}"
EndProject
Project("{9A19103F-16F7-4668-BE54-9A1E7A4F7556}") = "CheckBoxDemo", "CheckBoxDemo\CheckBoxDemo.csproj", "{3A115908-7AEC-46B9-9C66-F5C5086248AA}"
EndProject
Project("{FAE04EC0-301F-11D3-BF4B-00C04F79EFBC}") = "PasswordBoxDemo", "PasswordBoxDemo\PasswordBoxDemo.csproj", "{67776F00-C99A-444A-AD9E-C0C90FF9B6ED}"
EndProject
Project("{FAE04EC0-301F-11D3-BF4B-00C04F79EFBC}") = "SliderDemo", "SliderDemo\SliderDemo.csproj", "{153F9CC8-C927-4C7D-8550-BF525409E1AD}"
EndProject
Project("{FAE04EC0-301F-11D3-BF4B-00C04F79EFBC}") = "CalenderDemo", "CalenderDemo\CalenderDemo.csproj", "{999F38C9-EE3A-48E4-BCB6-6EDCD7B6C9E5}"
EndProject
Project("{FAE04EC0-301F-11D3-BF4B-00C04F79EFBC}") = "DatePickerDemo", "DatePickerDemo\DatePickerDemo.csproj", "{69A4D16C-4AF2-4621-BFDA-17ADA4E88158}"
EndProject
Project("{FAE04EC0-301F-11D3-BF4B-00C04F79EFBC}") = "ExpanderDemo", "ExpanderDemo\ExpanderDemo.csproj", "{FECD6896-14DE-4300-BA37-6FA44862AE05}"
EndProject
Project("{FAE04EC0-301F-11D3-BF4B-00C04F79EFBC}") = "GridDemo", "GridDemo\GridDemo.csproj", "{2179341D-487C-4D1C-969F-A01E14CE070E}"
EndProject
Project("{FAE04EC0-301F-11D3-BF4B-00C04F79EFBC}") = "StackPanelDemo", "StackPanelDemo\StackPanelDemo.csproj", "{68D45FB0-9A97-4FBF-AC85-EDF8C82B2D25}"
EndProject
Project("{FAE04EC0-301F-11D3-BF4B-00C04F79EFBC}") = "WrapPanelDemo", "WrapPanelDemo\WrapPanelDemo.csproj", "{41345AD8-F214-4A90-B967-6C3C155CBCEC}"
EndProject
Project("{FAE04EC0-301F-11D3-BF4B-00C04F79EFBC}") = "DockPanelDemo", "DockPanelDemo\DockPanelDemo.csproj", "{EA938B2E-4992-48C2-8EBA-55E97B406DD1}"
EndProject
Global
	GlobalSection(SolutionConfigurationPlatforms) = preSolution
		Debug|Any CPU = Debug|Any CPU
		Release|Any CPU = Release|Any CPU
	EndGlobalSection
	GlobalSection(ProjectConfigurationPlatforms) = postSolution
		{5D34747F-4FC6-4E85-8A66-40EC0B7AEAE1}.Debug|Any CPU.ActiveCfg = Debug|Any CPU
		{5D34747F-4FC6-4E85-8A66-40EC0B7AEAE1}.Debug|Any CPU.Build.0 = Debug|Any CPU
		{5D34747F-4FC6-4E85-8A66-40EC0B7AEAE1}.Release|Any CPU.ActiveCfg = Release|Any CPU
		{5D34747F-4FC6-4E85-8A66-40EC0B7AEAE1}.Release|Any CPU.Build.0 = Release|Any CPU
		{EC383B16-1E09-459D-ACD7-D3963C405722}.Debug|Any CPU.ActiveCfg = Debug|Any CPU
		{EC383B16-1E09-459D-ACD7-D3963C405722}.Debug|Any CPU.Build.0 = Debug|Any CPU
		{EC383B16-1E09-459D-ACD7-D3963C405722}.Release|Any CPU.ActiveCfg = Release|Any CPU
		{EC383B16-1E09-459D-ACD7-D3963C405722}.Release|Any CPU.Build.0 = Release|Any CPU
		{FA038F2C-768B-4BB6-99A4-AA852AE9B12E}.Debug|Any CPU.ActiveCfg = Debug|Any CPU
		{FA038F2C-768B-4BB6-99A4-AA852AE9B12E}.Debug|Any CPU.Build.0 = Debug|Any CPU
		{FA038F2C-768B-4BB6-99A4-AA852AE9B12E}.Release|Any CPU.ActiveCfg = Release|Any CPU
		{FA038F2C-768B-4BB6-99A4-AA852AE9B12E}.Release|Any CPU.Build.0 = Release|Any CPU
		{EAF48B29-5E3D-4F03-9335-61FE79F93B27}.Debug|Any CPU.ActiveCfg = Debug|Any CPU
		{EAF48B29-5E3D-4F03-9335-61FE79F93B27}.Debug|Any CPU.Build.0 = Debug|Any CPU
		{EAF48B29-5E3D-4F03-9335-61FE79F93B27}.Release|Any CPU.ActiveCfg = Release|Any CPU
		{EAF48B29-5E3D-4F03-9335-61FE79F93B27}.Release|Any CPU.Build.0 = Release|Any CPU
		{7B18E0FD-FE7F-4BDC-9601-F9173F634DE9}.Debug|Any CPU.ActiveCfg = Debug|Any CPU
		{7B18E0FD-FE7F-4BDC-9601-F9173F634DE9}.Debug|Any CPU.Build.0 = Debug|Any CPU
		{7B18E0FD-FE7F-4BDC-9601-F9173F634DE9}.Release|Any CPU.ActiveCfg = Release|Any CPU
		{7B18E0FD-FE7F-4BDC-9601-F9173F634DE9}.Release|Any CPU.Build.0 = Release|Any CPU
		{63C7752C-D546-473B-ADE4-BC06D5754F8D}.Debug|Any CPU.ActiveCfg = Debug|Any CPU
		{63C7752C-D546-473B-ADE4-BC06D5754F8D}.Debug|Any CPU.Build.0 = Debug|Any CPU
		{63C7752C-D546-473B-ADE4-BC06D5754F8D}.Release|Any CPU.ActiveCfg = Release|Any CPU
		{63C7752C-D546-473B-ADE4-BC06D5754F8D}.Release|Any CPU.Build.0 = Release|Any CPU
		{3A115908-7AEC-46B9-9C66-F5C5086248AA}.Debug|Any CPU.ActiveCfg = Debug|Any CPU
		{3A115908-7AEC-46B9-9C66-F5C5086248AA}.Debug|Any CPU.Build.0 = Debug|Any CPU
		{3A115908-7AEC-46B9-9C66-F5C5086248AA}.Release|Any CPU.ActiveCfg = Release|Any CPU
		{3A115908-7AEC-46B9-9C66-F5C5086248AA}.Release|Any CPU.Build.0 = Release|Any CPU
		{67776F00-C99A-444A-AD9E-C0C90FF9B6ED}.Debug|Any CPU.ActiveCfg = Debug|Any CPU
		{67776F00-C99A-444A-AD9E-C0C90FF9B6ED}.Debug|Any CPU.Build.0 = Debug|Any CPU
		{67776F00-C99A-444A-AD9E-C0C90FF9B6ED}.Release|Any CPU.ActiveCfg = Release|Any CPU
		{67776F00-C99A-444A-AD9E-C0C90FF9B6ED}.Release|Any CPU.Build.0 = Release|Any CPU
		{153F9CC8-C927-4C7D-8550-BF525409E1AD}.Debug|Any CPU.ActiveCfg = Debug|Any CPU
		{153F9CC8-C927-4C7D-8550-BF525409E1AD}.Debug|Any CPU.Build.0 = Debug|Any CPU
		{153F9CC8-C927-4C7D-8550-BF525409E1AD}.Release|Any CPU.ActiveCfg = Release|Any CPU
		{153F9CC8-C927-4C7D-8550-BF525409E1AD}.Release|Any CPU.Build.0 = Release|Any CPU
		{999F38C9-EE3A-48E4-BCB6-6EDCD7B6C9E5}.Debug|Any CPU.ActiveCfg = Debug|Any CPU
		{999F38C9-EE3A-48E4-BCB6-6EDCD7B6C9E5}.Debug|Any CPU.Build.0 = Debug|Any CPU
		{999F38C9-EE3A-48E4-BCB6-6EDCD7B6C9E5}.Release|Any CPU.ActiveCfg = Release|Any CPU
		{999F38C9-EE3A-48E4-BCB6-6EDCD7B6C9E5}.Release|Any CPU.Build.0 = Release|Any CPU
		{69A4D16C-4AF2-4621-BFDA-17ADA4E88158}.Debug|Any CPU.ActiveCfg = Debug|Any CPU
		{69A4D16C-4AF2-4621-BFDA-17ADA4E88158}.Debug|Any CPU.Build.0 = Debug|Any CPU
		{69A4D16C-4AF2-4621-BFDA-17ADA4E88158}.Release|Any CPU.ActiveCfg = Release|Any CPU
		{69A4D16C-4AF2-4621-BFDA-17ADA4E88158}.Release|Any CPU.Build.0 = Release|Any CPU
		{FECD6896-14DE-4300-BA37-6FA44862AE05}.Debug|Any CPU.ActiveCfg = Debug|Any CPU
		{FECD6896-14DE-4300-BA37-6FA44862AE05}.Debug|Any CPU.Build.0 = Debug|Any CPU
		{FECD6896-14DE-4300-BA37-6FA44862AE05}.Release|Any CPU.ActiveCfg = Release|Any CPU
		{FECD6896-14DE-4300-BA37-6FA44862AE05}.Release|Any CPU.Build.0 = Release|Any CPU
		{2179341D-487C-4D1C-969F-A01E14CE070E}.Debug|Any CPU.ActiveCfg = Debug|Any CPU
		{2179341D-487C-4D1C-969F-A01E14CE070E}.Debug|Any CPU.Build.0 = Debug|Any CPU
		{2179341D-487C-4D1C-969F-A01E14CE070E}.Release|Any CPU.ActiveCfg = Release|Any CPU
		{2179341D-487C-4D1C-969F-A01E14CE070E}.Release|Any CPU.Build.0 = Release|Any CPU
		{68D45FB0-9A97-4FBF-AC85-EDF8C82B2D25}.Debug|Any CPU.ActiveCfg = Debug|Any CPU
		{68D45FB0-9A97-4FBF-AC85-EDF8C82B2D25}.Debug|Any CPU.Build.0 = Debug|Any CPU
		{68D45FB0-9A97-4FBF-AC85-EDF8C82B2D25}.Release|Any CPU.ActiveCfg = Release|Any CPU
		{68D45FB0-9A97-4FBF-AC85-EDF8C82B2D25}.Release|Any CPU.Build.0 = Release|Any CPU
		{41345AD8-F214-4A90-B967-6C3C155CBCEC}.Debug|Any CPU.ActiveCfg = Debug|Any CPU
		{41345AD8-F214-4A90-B967-6C3C155CBCEC}.Debug|Any CPU.Build.0 = Debug|Any CPU
		{41345AD8-F214-4A90-B967-6C3C155CBCEC}.Release|Any CPU.ActiveCfg = Release|Any CPU
		{41345AD8-F214-4A90-B967-6C3C155CBCEC}.Release|Any CPU.Build.0 = Release|Any CPU
		{EA938B2E-4992-48C2-8EBA-55E97B406DD1}.Debug|Any CPU.ActiveCfg = Debug|Any CPU
		{EA938B2E-4992-48C2-8EBA-55E97B406DD1}.Debug|Any CPU.Build.0 = Debug|Any CPU
		{EA938B2E-4992-48C2-8EBA-55E97B406DD1}.Release|Any CPU.ActiveCfg = Release|Any CPU
		{EA938B2E-4992-48C2-8EBA-55E97B406DD1}.Release|Any CPU.Build.0 = Release|Any CPU
	EndGlobalSection
	GlobalSection(SolutionProperties) = preSolution
		HideSolutionNode = FALSE
	EndGlobalSection
	GlobalSection(ExtensibilityGlobals) = postSolution
		SolutionGuid = {42007311-D78C-4ABD-88B8-87583149F52A}
	EndGlobalSection
EndGlobal
